
Microsoft Visual Studio Solution File, Format Version 12.00
Project("{FAE04EC0-301F-11D3-BF4B-00C04F79EFBC}") = "BenchmarksProject", "BenchmarksProject\BenchmarksProject.csproj", "{F5FF598E-C4E7-4B8D-93EE-12A03483A9E4}"
EndProject
Global
	GlobalSection(SolutionConfigurationPlatforms) = preSolution
		Debug|Any CPU = Debug|Any CPU
		Release|Any CPU = Release|Any CPU
	EndGlobalSection
	GlobalSection(ProjectConfigurationPlatforms) = postSolution
		{F5FF598E-C4E7-4B8D-93EE-12A03483A9E4}.Debug|Any CPU.ActiveCfg = Debug|Any CPU
		{F5FF598E-C4E7-4B8D-93EE-12A03483A9E4}.Debug|Any CPU.Build.0 = Debug|Any CPU
		{F5FF598E-C4E7-4B8D-93EE-12A03483A9E4}.Release|Any CPU.ActiveCfg = Release|Any CPU
		{F5FF598E-C4E7-4B8D-93EE-12A03483A9E4}.Release|Any CPU.Build.0 = Release|Any CPU
	EndGlobalSection
EndGlobal
